// !$*UTF8*$!
{
	archiveVersion = 1;
	classes = {
	};
	objectVersion = 50;
	objects = {

/* Begin PBXBuildFile section */
		A75A051BD45B9217657B105E /* Pods_Cognitev_Task.framework in Frameworks */ = {isa = PBXBuildFile; fileRef = A4F1ADC1CBDE34997634A490 /* Pods_Cognitev_Task.framework */; };
		A87341C16C6121B98E50CDB0 /* libPods-Cognitev-TaskTests.a in Frameworks */ = {isa = PBXBuildFile; fileRef = 8CCF99AC63C50D7843C6712D /* libPods-Cognitev-TaskTests.a */; };
		B8904879238E889A0041F509 /* AppDelegate.swift in Sources */ = {isa = PBXBuildFile; fileRef = B8904878238E889A0041F509 /* AppDelegate.swift */; };
		B890487D238E889A0041F509 /* ViewController.swift in Sources */ = {isa = PBXBuildFile; fileRef = B890487C238E889A0041F509 /* ViewController.swift */; };
		B8904880238E889A0041F509 /* Main.storyboard in Resources */ = {isa = PBXBuildFile; fileRef = B890487E238E889A0041F509 /* Main.storyboard */; };
		B8904882238E889C0041F509 /* Assets.xcassets in Resources */ = {isa = PBXBuildFile; fileRef = B8904881238E889B0041F509 /* Assets.xcassets */; };
		B8904885238E889C0041F509 /* LaunchScreen.storyboard in Resources */ = {isa = PBXBuildFile; fileRef = B8904883238E889C0041F509 /* LaunchScreen.storyboard */; };
		B8904890238E889C0041F509 /* Cognitev_TaskTests.swift in Sources */ = {isa = PBXBuildFile; fileRef = B890488F238E889C0041F509 /* Cognitev_TaskTests.swift */; };
		B890489B238E889C0041F509 /* Cognitev_TaskUITests.swift in Sources */ = {isa = PBXBuildFile; fileRef = B890489A238E889C0041F509 /* Cognitev_TaskUITests.swift */; };
		BA24DD23F2E4464577F14BCC /* libPods-Cognitev-TaskUITests.a in Frameworks */ = {isa = PBXBuildFile; fileRef = 633EBF86A4F1C411C8E1AF5D /* libPods-Cognitev-TaskUITests.a */; };
/* End PBXBuildFile section */

/* Begin PBXContainerItemProxy section */
		B890488C238E889C0041F509 /* PBXContainerItemProxy */ = {
			isa = PBXContainerItemProxy;
			containerPortal = B890486D238E889A0041F509 /* Project object */;
			proxyType = 1;
			remoteGlobalIDString = B8904874238E889A0041F509;
			remoteInfo = "Cognitev-Task";
		};
		B8904897238E889C0041F509 /* PBXContainerItemProxy */ = {
			isa = PBXContainerItemProxy;
			containerPortal = B890486D238E889A0041F509 /* Project object */;
			proxyType = 1;
			remoteGlobalIDString = B8904874238E889A0041F509;
			remoteInfo = "Cognitev-Task";
		};
/* End PBXContainerItemProxy section */

/* Begin PBXFileReference section */
		22A879CE7336289CE91E9A9E /* Pods-Cognitev-TaskTests.debug.xcconfig */ = {isa = PBXFileReference; includeInIndex = 1; lastKnownFileType = text.xcconfig; name = "Pods-Cognitev-TaskTests.debug.xcconfig"; path = "Target Support Files/Pods-Cognitev-TaskTests/Pods-Cognitev-TaskTests.debug.xcconfig"; sourceTree = "<group>"; };
		28FF10DA589AFDAD13F5AE6C /* Pods-Cognitev-TaskUITests.release.xcconfig */ = {isa = PBXFileReference; includeInIndex = 1; lastKnownFileType = text.xcconfig; name = "Pods-Cognitev-TaskUITests.release.xcconfig"; path = "Target Support Files/Pods-Cognitev-TaskUITests/Pods-Cognitev-TaskUITests.release.xcconfig"; sourceTree = "<group>"; };
		2CD37EA07AB893A411AC40B1 /* Pods-Cognitev-Task.release.xcconfig */ = {isa = PBXFileReference; includeInIndex = 1; lastKnownFileType = text.xcconfig; name = "Pods-Cognitev-Task.release.xcconfig"; path = "Target Support Files/Pods-Cognitev-Task/Pods-Cognitev-Task.release.xcconfig"; sourceTree = "<group>"; };
		4BAF9A8BE399D31F42FF763C /* Pods-Cognitev-Task.debug.xcconfig */ = {isa = PBXFileReference; includeInIndex = 1; lastKnownFileType = text.xcconfig; name = "Pods-Cognitev-Task.debug.xcconfig"; path = "Target Support Files/Pods-Cognitev-Task/Pods-Cognitev-Task.debug.xcconfig"; sourceTree = "<group>"; };
		633EBF86A4F1C411C8E1AF5D /* libPods-Cognitev-TaskUITests.a */ = {isa = PBXFileReference; explicitFileType = archive.ar; includeInIndex = 0; path = "libPods-Cognitev-TaskUITests.a"; sourceTree = BUILT_PRODUCTS_DIR; };
		784DBA39C3F3E929E4C825C9 /* Pods-Cognitev-TaskTests.release.xcconfig */ = {isa = PBXFileReference; includeInIndex = 1; lastKnownFileType = text.xcconfig; name = "Pods-Cognitev-TaskTests.release.xcconfig"; path = "Target Support Files/Pods-Cognitev-TaskTests/Pods-Cognitev-TaskTests.release.xcconfig"; sourceTree = "<group>"; };
		8CCF99AC63C50D7843C6712D /* libPods-Cognitev-TaskTests.a */ = {isa = PBXFileReference; explicitFileType = archive.ar; includeInIndex = 0; path = "libPods-Cognitev-TaskTests.a"; sourceTree = BUILT_PRODUCTS_DIR; };
		A4F1ADC1CBDE34997634A490 /* Pods_Cognitev_Task.framework */ = {isa = PBXFileReference; explicitFileType = wrapper.framework; includeInIndex = 0; path = Pods_Cognitev_Task.framework; sourceTree = BUILT_PRODUCTS_DIR; };
		B8904875238E889A0041F509 /* Cognitev-Task.app */ = {isa = PBXFileReference; explicitFileType = wrapper.application; includeInIndex = 0; path = "Cognitev-Task.app"; sourceTree = BUILT_PRODUCTS_DIR; };
		B8904878238E889A0041F509 /* AppDelegate.swift */ = {isa = PBXFileReference; lastKnownFileType = sourcecode.swift; path = AppDelegate.swift; sourceTree = "<group>"; };
		B890487C238E889A0041F509 /* ViewController.swift */ = {isa = PBXFileReference; lastKnownFileType = sourcecode.swift; path = ViewController.swift; sourceTree = "<group>"; };
		B890487F238E889A0041F509 /* Base */ = {isa = PBXFileReference; lastKnownFileType = file.storyboard; name = Base; path = Base.lproj/Main.storyboard; sourceTree = "<group>"; };
		B8904881238E889B0041F509 /* Assets.xcassets */ = {isa = PBXFileReference; lastKnownFileType = folder.assetcatalog; path = Assets.xcassets; sourceTree = "<group>"; };
		B8904884238E889C0041F509 /* Base */ = {isa = PBXFileReference; lastKnownFileType = file.storyboard; name = Base; path = Base.lproj/LaunchScreen.storyboard; sourceTree = "<group>"; };
		B8904886238E889C0041F509 /* Info.plist */ = {isa = PBXFileReference; lastKnownFileType = text.plist.xml; path = Info.plist; sourceTree = "<group>"; };
		B890488B238E889C0041F509 /* Cognitev-TaskTests.xctest */ = {isa = PBXFileReference; explicitFileType = wrapper.cfbundle; includeInIndex = 0; path = "Cognitev-TaskTests.xctest"; sourceTree = BUILT_PRODUCTS_DIR; };
		B890488F238E889C0041F509 /* Cognitev_TaskTests.swift */ = {isa = PBXFileReference; lastKnownFileType = sourcecode.swift; path = Cognitev_TaskTests.swift; sourceTree = "<group>"; };
		B8904891238E889C0041F509 /* Info.plist */ = {isa = PBXFileReference; lastKnownFileType = text.plist.xml; path = Info.plist; sourceTree = "<group>"; };
		B8904896238E889C0041F509 /* Cognitev-TaskUITests.xctest */ = {isa = PBXFileReference; explicitFileType = wrapper.cfbundle; includeInIndex = 0; path = "Cognitev-TaskUITests.xctest"; sourceTree = BUILT_PRODUCTS_DIR; };
		B890489A238E889C0041F509 /* Cognitev_TaskUITests.swift */ = {isa = PBXFileReference; lastKnownFileType = sourcecode.swift; path = Cognitev_TaskUITests.swift; sourceTree = "<group>"; };
		B890489C238E889C0041F509 /* Info.plist */ = {isa = PBXFileReference; lastKnownFileType = text.plist.xml; path = Info.plist; sourceTree = "<group>"; };
		D4D3857502C849167CF3EB92 /* Pods-Cognitev-TaskUITests.debug.xcconfig */ = {isa = PBXFileReference; includeInIndex = 1; lastKnownFileType = text.xcconfig; name = "Pods-Cognitev-TaskUITests.debug.xcconfig"; path = "Target Support Files/Pods-Cognitev-TaskUITests/Pods-Cognitev-TaskUITests.debug.xcconfig"; sourceTree = "<group>"; };
/* End PBXFileReference section */

/* Begin PBXFrameworksBuildPhase section */
		B8904872238E889A0041F509 /* Frameworks */ = {
			isa = PBXFrameworksBuildPhase;
			buildActionMask = 2147483647;
			files = (
				A75A051BD45B9217657B105E /* Pods_Cognitev_Task.framework in Frameworks */,
			);
			runOnlyForDeploymentPostprocessing = 0;
		};
		B8904888238E889C0041F509 /* Frameworks */ = {
			isa = PBXFrameworksBuildPhase;
			buildActionMask = 2147483647;
			files = (
				A87341C16C6121B98E50CDB0 /* libPods-Cognitev-TaskTests.a in Frameworks */,
			);
			runOnlyForDeploymentPostprocessing = 0;
		};
		B8904893238E889C0041F509 /* Frameworks */ = {
			isa = PBXFrameworksBuildPhase;
			buildActionMask = 2147483647;
			files = (
				BA24DD23F2E4464577F14BCC /* libPods-Cognitev-TaskUITests.a in Frameworks */,
			);
			runOnlyForDeploymentPostprocessing = 0;
		};
/* End PBXFrameworksBuildPhase section */

/* Begin PBXGroup section */
		4C5821F32EF1AE75036D2B75 /* Frameworks */ = {
			isa = PBXGroup;
			children = (
				A4F1ADC1CBDE34997634A490 /* Pods_Cognitev_Task.framework */,
				8CCF99AC63C50D7843C6712D /* libPods-Cognitev-TaskTests.a */,
				633EBF86A4F1C411C8E1AF5D /* libPods-Cognitev-TaskUITests.a */,
			);
			name = Frameworks;
			sourceTree = "<group>";
		};
		97313558BC6F14EAABAACE0E /* Pods */ = {
			isa = PBXGroup;
			children = (
				4BAF9A8BE399D31F42FF763C /* Pods-Cognitev-Task.debug.xcconfig */,
				2CD37EA07AB893A411AC40B1 /* Pods-Cognitev-Task.release.xcconfig */,
				22A879CE7336289CE91E9A9E /* Pods-Cognitev-TaskTests.debug.xcconfig */,
				784DBA39C3F3E929E4C825C9 /* Pods-Cognitev-TaskTests.release.xcconfig */,
				D4D3857502C849167CF3EB92 /* Pods-Cognitev-TaskUITests.debug.xcconfig */,
				28FF10DA589AFDAD13F5AE6C /* Pods-Cognitev-TaskUITests.release.xcconfig */,
			);
			name = Pods;
			path = Pods;
			sourceTree = "<group>";
		};
		B890486C238E889A0041F509 = {
			isa = PBXGroup;
			children = (
				B8904877238E889A0041F509 /* Cognitev-Task */,
				B890488E238E889C0041F509 /* Cognitev-TaskTests */,
				B8904899238E889C0041F509 /* Cognitev-TaskUITests */,
				B8904876238E889A0041F509 /* Products */,
				97313558BC6F14EAABAACE0E /* Pods */,
				4C5821F32EF1AE75036D2B75 /* Frameworks */,
			);
			sourceTree = "<group>";
		};
		B8904876238E889A0041F509 /* Products */ = {
			isa = PBXGroup;
			children = (
				B8904875238E889A0041F509 /* Cognitev-Task.app */,
				B890488B238E889C0041F509 /* Cognitev-TaskTests.xctest */,
				B8904896238E889C0041F509 /* Cognitev-TaskUITests.xctest */,
			);
			name = Products;
			sourceTree = "<group>";
		};
		B8904877238E889A0041F509 /* Cognitev-Task */ = {
			isa = PBXGroup;
			children = (
				B8904878238E889A0041F509 /* AppDelegate.swift */,
				B890487C238E889A0041F509 /* ViewController.swift */,
				B890487E238E889A0041F509 /* Main.storyboard */,
				B8904881238E889B0041F509 /* Assets.xcassets */,
				B8904883238E889C0041F509 /* LaunchScreen.storyboard */,
				B8904886238E889C0041F509 /* Info.plist */,
			);
			path = "Cognitev-Task";
			sourceTree = "<group>";
		};
		B890488E238E889C0041F509 /* Cognitev-TaskTests */ = {
			isa = PBXGroup;
			children = (
				B890488F238E889C0041F509 /* Cognitev_TaskTests.swift */,
				B8904891238E889C0041F509 /* Info.plist */,
			);
			path = "Cognitev-TaskTests";
			sourceTree = "<group>";
		};
		B8904899238E889C0041F509 /* Cognitev-TaskUITests */ = {
			isa = PBXGroup;
			children = (
				B890489A238E889C0041F509 /* Cognitev_TaskUITests.swift */,
				B890489C238E889C0041F509 /* Info.plist */,
			);
			path = "Cognitev-TaskUITests";
			sourceTree = "<group>";
		};
/* End PBXGroup section */

/* Begin PBXNativeTarget section */
		B8904874238E889A0041F509 /* Cognitev-Task */ = {
			isa = PBXNativeTarget;
			buildConfigurationList = B890489F238E889C0041F509 /* Build configuration list for PBXNativeTarget "Cognitev-Task" */;
			buildPhases = (
				BC2522491865C45CDAE92057 /* [CP] Check Pods Manifest.lock */,
				B8904871238E889A0041F509 /* Sources */,
				B8904872238E889A0041F509 /* Frameworks */,
				B8904873238E889A0041F509 /* Resources */,
				17444E5546D24901F7CB6FC3 /* [CP] Embed Pods Frameworks */,
			);
			buildRules = (
			);
			dependencies = (
			);
			name = "Cognitev-Task";
			productName = "Cognitev-Task";
			productReference = B8904875238E889A0041F509 /* Cognitev-Task.app */;
			productType = "com.apple.product-type.application";
		};
		B890488A238E889C0041F509 /* Cognitev-TaskTests */ = {
			isa = PBXNativeTarget;
			buildConfigurationList = B89048A2238E889C0041F509 /* Build configuration list for PBXNativeTarget "Cognitev-TaskTests" */;
			buildPhases = (
				72FD3E7FEBD84F5B7B9D992E /* [CP] Check Pods Manifest.lock */,
				B8904887238E889C0041F509 /* Sources */,
				B8904888238E889C0041F509 /* Frameworks */,
				B8904889238E889C0041F509 /* Resources */,
				DCAF241A2A68CDED45BFBBB2 /* [CP] Copy Pods Resources */,
			);
			buildRules = (
			);
			dependencies = (
				B890488D238E889C0041F509 /* PBXTargetDependency */,
			);
			name = "Cognitev-TaskTests";
			productName = "Cognitev-TaskTests";
			productReference = B890488B238E889C0041F509 /* Cognitev-TaskTests.xctest */;
			productType = "com.apple.product-type.bundle.unit-test";
		};
		B8904895238E889C0041F509 /* Cognitev-TaskUITests */ = {
			isa = PBXNativeTarget;
			buildConfigurationList = B89048A5238E889C0041F509 /* Build configuration list for PBXNativeTarget "Cognitev-TaskUITests" */;
			buildPhases = (
				99662BE179E5B578A3157BED /* [CP] Check Pods Manifest.lock */,
				B8904892238E889C0041F509 /* Sources */,
				B8904893238E889C0041F509 /* Frameworks */,
				B8904894238E889C0041F509 /* Resources */,
			);
			buildRules = (
			);
			dependencies = (
				B8904898238E889C0041F509 /* PBXTargetDependency */,
			);
			name = "Cognitev-TaskUITests";
			productName = "Cognitev-TaskUITests";
			productReference = B8904896238E889C0041F509 /* Cognitev-TaskUITests.xctest */;
			productType = "com.apple.product-type.bundle.ui-testing";
		};
/* End PBXNativeTarget section */

/* Begin PBXProject section */
		B890486D238E889A0041F509 /* Project object */ = {
			isa = PBXProject;
			attributes = {
				LastSwiftUpdateCheck = 1110;
				LastUpgradeCheck = 1110;
				ORGANIZATIONNAME = "Ahmed Ramy";
				TargetAttributes = {
					B8904874238E889A0041F509 = {
						CreatedOnToolsVersion = 11.1;
					};
					B890488A238E889C0041F509 = {
						CreatedOnToolsVersion = 11.1;
						TestTargetID = B8904874238E889A0041F509;
					};
					B8904895238E889C0041F509 = {
						CreatedOnToolsVersion = 11.1;
						TestTargetID = B8904874238E889A0041F509;
					};
				};
			};
			buildConfigurationList = B8904870238E889A0041F509 /* Build configuration list for PBXProject "Cognitev-Task" */;
			compatibilityVersion = "Xcode 9.3";
			developmentRegion = en;
			hasScannedForEncodings = 0;
			knownRegions = (
				en,
				Base,
			);
			mainGroup = B890486C238E889A0041F509;
			productRefGroup = B8904876238E889A0041F509 /* Products */;
			projectDirPath = "";
			projectRoot = "";
			targets = (
				B8904874238E889A0041F509 /* Cognitev-Task */,
				B890488A238E889C0041F509 /* Cognitev-TaskTests */,
				B8904895238E889C0041F509 /* Cognitev-TaskUITests */,
			);
		};
/* End PBXProject section */

/* Begin PBXResourcesBuildPhase section */
		B8904873238E889A0041F509 /* Resources */ = {
			isa = PBXResourcesBuildPhase;
			buildActionMask = 2147483647;
			files = (
				B8904885238E889C0041F509 /* LaunchScreen.storyboard in Resources */,
				B8904882238E889C0041F509 /* Assets.xcassets in Resources */,
				B8904880238E889A0041F509 /* Main.storyboard in Resources */,
			);
			runOnlyForDeploymentPostprocessing = 0;
		};
		B8904889238E889C0041F509 /* Resources */ = {
			isa = PBXResourcesBuildPhase;
			buildActionMask = 2147483647;
			files = (
			);
			runOnlyForDeploymentPostprocessing = 0;
		};
		B8904894238E889C0041F509 /* Resources */ = {
			isa = PBXResourcesBuildPhase;
			buildActionMask = 2147483647;
			files = (
			);
			runOnlyForDeploymentPostprocessing = 0;
		};
/* End PBXResourcesBuildPhase section */

/* Begin PBXShellScriptBuildPhase section */
		17444E5546D24901F7CB6FC3 /* [CP] Embed Pods Frameworks */ = {
			isa = PBXShellScriptBuildPhase;
			buildActionMask = 2147483647;
			files = (
			);
			inputFileListPaths = (
				"${PODS_ROOT}/Target Support Files/Pods-Cognitev-Task/Pods-Cognitev-Task-frameworks-${CONFIGURATION}-input-files.xcfilelist",
			);
			name = "[CP] Embed Pods Frameworks";
			outputFileListPaths = (
				"${PODS_ROOT}/Target Support Files/Pods-Cognitev-Task/Pods-Cognitev-Task-frameworks-${CONFIGURATION}-output-files.xcfilelist",
			);
			runOnlyForDeploymentPostprocessing = 0;
			shellPath = /bin/sh;
			shellScript = "\"${PODS_ROOT}/Target Support Files/Pods-Cognitev-Task/Pods-Cognitev-Task-frameworks.sh\"\n";
			showEnvVarsInLog = 0;
		};
		72FD3E7FEBD84F5B7B9D992E /* [CP] Check Pods Manifest.lock */ = {
			isa = PBXShellScriptBuildPhase;
			buildActionMask = 2147483647;
			files = (
			);
			inputFileListPaths = (
			);
			inputPaths = (
				"${PODS_PODFILE_DIR_PATH}/Podfile.lock",
				"${PODS_ROOT}/Manifest.lock",
			);
			name = "[CP] Check Pods Manifest.lock";
			outputFileListPaths = (
			);
			outputPaths = (
				"$(DERIVED_FILE_DIR)/Pods-Cognitev-TaskTests-checkManifestLockResult.txt",
			);
			runOnlyForDeploymentPostprocessing = 0;
			shellPath = /bin/sh;
			shellScript = "diff \"${PODS_PODFILE_DIR_PATH}/Podfile.lock\" \"${PODS_ROOT}/Manifest.lock\" > /dev/null\nif [ $? != 0 ] ; then\n    # print error to STDERR\n    echo \"error: The sandbox is not in sync with the Podfile.lock. Run 'pod install' or update your CocoaPods installation.\" >&2\n    exit 1\nfi\n# This output is used by Xcode 'outputs' to avoid re-running this script phase.\necho \"SUCCESS\" > \"${SCRIPT_OUTPUT_FILE_0}\"\n";
			showEnvVarsInLog = 0;
		};
		99662BE179E5B578A3157BED /* [CP] Check Pods Manifest.lock */ = {
			isa = PBXShellScriptBuildPhase;
			buildActionMask = 2147483647;
			files = (
			);
			inputFileListPaths = (
			);
			inputPaths = (
				"${PODS_PODFILE_DIR_PATH}/Podfile.lock",
				"${PODS_ROOT}/Manifest.lock",
			);
			name = "[CP] Check Pods Manifest.lock";
			outputFileListPaths = (
			);
			outputPaths = (
				"$(DERIVED_FILE_DIR)/Pods-Cognitev-TaskUITests-checkManifestLockResult.txt",
			);
			runOnlyForDeploymentPostprocessing = 0;
			shellPath = /bin/sh;
			shellScript = "diff \"${PODS_PODFILE_DIR_PATH}/Podfile.lock\" \"${PODS_ROOT}/Manifest.lock\" > /dev/null\nif [ $? != 0 ] ; then\n    # print error to STDERR\n    echo \"error: The sandbox is not in sync with the Podfile.lock. Run 'pod install' or update your CocoaPods installation.\" >&2\n    exit 1\nfi\n# This output is used by Xcode 'outputs' to avoid re-running this script phase.\necho \"SUCCESS\" > \"${SCRIPT_OUTPUT_FILE_0}\"\n";
			showEnvVarsInLog = 0;
		};
		BC2522491865C45CDAE92057 /* [CP] Check Pods Manifest.lock */ = {
			isa = PBXShellScriptBuildPhase;
			buildActionMask = 2147483647;
			files = (
			);
			inputFileListPaths = (
			);
			inputPaths = (
				"${PODS_PODFILE_DIR_PATH}/Podfile.lock",
				"${PODS_ROOT}/Manifest.lock",
			);
			name = "[CP] Check Pods Manifest.lock";
			outputFileListPaths = (
			);
			outputPaths = (
				"$(DERIVED_FILE_DIR)/Pods-Cognitev-Task-checkManifestLockResult.txt",
			);
			runOnlyForDeploymentPostprocessing = 0;
			shellPath = /bin/sh;
			shellScript = "diff \"${PODS_PODFILE_DIR_PATH}/Podfile.lock\" \"${PODS_ROOT}/Manifest.lock\" > /dev/null\nif [ $? != 0 ] ; then\n    # print error to STDERR\n    echo \"error: The sandbox is not in sync with the Podfile.lock. Run 'pod install' or update your CocoaPods installation.\" >&2\n    exit 1\nfi\n# This output is used by Xcode 'outputs' to avoid re-running this script phase.\necho \"SUCCESS\" > \"${SCRIPT_OUTPUT_FILE_0}\"\n";
			showEnvVarsInLog = 0;
		};
		DCAF241A2A68CDED45BFBBB2 /* [CP] Copy Pods Resources */ = {
			isa = PBXShellScriptBuildPhase;
			buildActionMask = 2147483647;
			files = (
			);
			inputFileListPaths = (
				"${PODS_ROOT}/Target Support Files/Pods-Cognitev-TaskTests/Pods-Cognitev-TaskTests-resources-${CONFIGURATION}-input-files.xcfilelist",
			);
			name = "[CP] Copy Pods Resources";
			outputFileListPaths = (
				"${PODS_ROOT}/Target Support Files/Pods-Cognitev-TaskTests/Pods-Cognitev-TaskTests-resources-${CONFIGURATION}-output-files.xcfilelist",
			);
			runOnlyForDeploymentPostprocessing = 0;
			shellPath = /bin/sh;
			shellScript = "\"${PODS_ROOT}/Target Support Files/Pods-Cognitev-TaskTests/Pods-Cognitev-TaskTests-resources.sh\"\n";
			showEnvVarsInLog = 0;
		};
/* End PBXShellScriptBuildPhase section */

/* Begin PBXSourcesBuildPhase section */
		B8904871238E889A0041F509 /* Sources */ = {
			isa = PBXSourcesBuildPhase;
			buildActionMask = 2147483647;
			files = (
				B890487D238E889A0041F509 /* ViewController.swift in Sources */,
				B8904879238E889A0041F509 /* AppDelegate.swift in Sources */,
			);
			runOnlyForDeploymentPostprocessing = 0;
		};
		B8904887238E889C0041F509 /* Sources */ = {
			isa = PBXSourcesBuildPhase;
			buildActionMask = 2147483647;
			files = (
				B8904890238E889C0041F509 /* Cognitev_TaskTests.swift in Sources */,
			);
			runOnlyForDeploymentPostprocessing = 0;
		};
		B8904892238E889C0041F509 /* Sources */ = {
			isa = PBXSourcesBuildPhase;
			buildActionMask = 2147483647;
			files = (
				B890489B238E889C0041F509 /* Cognitev_TaskUITests.swift in Sources */,
			);
			runOnlyForDeploymentPostprocessing = 0;
		};
/* End PBXSourcesBuildPhase section */

/* Begin PBXTargetDependency section */
		B890488D238E889C0041F509 /* PBXTargetDependency */ = {
			isa = PBXTargetDependency;
			target = B8904874238E889A0041F509 /* Cognitev-Task */;
			targetProxy = B890488C238E889C0041F509 /* PBXContainerItemProxy */;
		};
		B8904898238E889C0041F509 /* PBXTargetDependency */ = {
			isa = PBXTargetDependency;
			target = B8904874238E889A0041F509 /* Cognitev-Task */;
			targetProxy = B8904897238E889C0041F509 /* PBXContainerItemProxy */;
		};
/* End PBXTargetDependency section */

/* Begin PBXVariantGroup section */
		B890487E238E889A0041F509 /* Main.storyboard */ = {
			isa = PBXVariantGroup;
			children = (
				B890487F238E889A0041F509 /* Base */,
			);
			name = Main.storyboard;
			sourceTree = "<group>";
		};
		B8904883238E889C0041F509 /* LaunchScreen.storyboard */ = {
			isa = PBXVariantGroup;
			children = (
				B8904884238E889C0041F509 /* Base */,
			);
			name = LaunchScreen.storyboard;
			sourceTree = "<group>";
		};
/* End PBXVariantGroup section */

/* Begin XCBuildConfiguration section */
		B890489D238E889C0041F509 /* Debug */ = {
			isa = XCBuildConfiguration;
			buildSettings = {
				ALWAYS_SEARCH_USER_PATHS = NO;
				CLANG_ANALYZER_NONNULL = YES;
				CLANG_ANALYZER_NUMBER_OBJECT_CONVERSION = YES_AGGRESSIVE;
				CLANG_CXX_LANGUAGE_STANDARD = "gnu++14";
				CLANG_CXX_LIBRARY = "libc++";
				CLANG_ENABLE_MODULES = YES;
				CLANG_ENABLE_OBJC_ARC = YES;
				CLANG_ENABLE_OBJC_WEAK = YES;
				CLANG_WARN_BLOCK_CAPTURE_AUTORELEASING = YES;
				CLANG_WARN_BOOL_CONVERSION = YES;
				CLANG_WARN_COMMA = YES;
				CLANG_WARN_CONSTANT_CONVERSION = YES;
				CLANG_WARN_DEPRECATED_OBJC_IMPLEMENTATIONS = YES;
				CLANG_WARN_DIRECT_OBJC_ISA_USAGE = YES_ERROR;
				CLANG_WARN_DOCUMENTATION_COMMENTS = YES;
				CLANG_WARN_EMPTY_BODY = YES;
				CLANG_WARN_ENUM_CONVERSION = YES;
				CLANG_WARN_INFINITE_RECURSION = YES;
				CLANG_WARN_INT_CONVERSION = YES;
				CLANG_WARN_NON_LITERAL_NULL_CONVERSION = YES;
				CLANG_WARN_OBJC_IMPLICIT_RETAIN_SELF = YES;
				CLANG_WARN_OBJC_LITERAL_CONVERSION = YES;
				CLANG_WARN_OBJC_ROOT_CLASS = YES_ERROR;
				CLANG_WARN_RANGE_LOOP_ANALYSIS = YES;
				CLANG_WARN_STRICT_PROTOTYPES = YES;
				CLANG_WARN_SUSPICIOUS_MOVE = YES;
				CLANG_WARN_UNGUARDED_AVAILABILITY = YES_AGGRESSIVE;
				CLANG_WARN_UNREACHABLE_CODE = YES;
				CLANG_WARN__DUPLICATE_METHOD_MATCH = YES;
				COPY_PHASE_STRIP = NO;
				DEBUG_INFORMATION_FORMAT = dwarf;
				ENABLE_STRICT_OBJC_MSGSEND = YES;
				ENABLE_TESTABILITY = YES;
				GCC_C_LANGUAGE_STANDARD = gnu11;
				GCC_DYNAMIC_NO_PIC = NO;
				GCC_NO_COMMON_BLOCKS = YES;
				GCC_OPTIMIZATION_LEVEL = 0;
				GCC_PREPROCESSOR_DEFINITIONS = (
					"DEBUG=1",
					"$(inherited)",
				);
				GCC_WARN_64_TO_32_BIT_CONVERSION = YES;
				GCC_WARN_ABOUT_RETURN_TYPE = YES_ERROR;
				GCC_WARN_UNDECLARED_SELECTOR = YES;
				GCC_WARN_UNINITIALIZED_AUTOS = YES_AGGRESSIVE;
				GCC_WARN_UNUSED_FUNCTION = YES;
				GCC_WARN_UNUSED_VARIABLE = YES;
				IPHONEOS_DEPLOYMENT_TARGET = 9.3;
				MTL_ENABLE_DEBUG_INFO = INCLUDE_SOURCE;
				MTL_FAST_MATH = YES;
				ONLY_ACTIVE_ARCH = YES;
				SDKROOT = iphoneos;
				SWIFT_ACTIVE_COMPILATION_CONDITIONS = DEBUG;
				SWIFT_OPTIMIZATION_LEVEL = "-Onone";
			};
			name = Debug;
		};
		B890489E238E889C0041F509 /* Release */ = {
			isa = XCBuildConfiguration;
			buildSettings = {
				ALWAYS_SEARCH_USER_PATHS = NO;
				CLANG_ANALYZER_NONNULL = YES;
				CLANG_ANALYZER_NUMBER_OBJECT_CONVERSION = YES_AGGRESSIVE;
				CLANG_CXX_LANGUAGE_STANDARD = "gnu++14";
				CLANG_CXX_LIBRARY = "libc++";
				CLANG_ENABLE_MODULES = YES;
				CLANG_ENABLE_OBJC_ARC = YES;
				CLANG_ENABLE_OBJC_WEAK = YES;
				CLANG_WARN_BLOCK_CAPTURE_AUTORELEASING = YES;
				CLANG_WARN_BOOL_CONVERSION = YES;
				CLANG_WARN_COMMA = YES;
				CLANG_WARN_CONSTANT_CONVERSION = YES;
				CLANG_WARN_DEPRECATED_OBJC_IMPLEMENTATIONS = YES;
				CLANG_WARN_DIRECT_OBJC_ISA_USAGE = YES_ERROR;
				CLANG_WARN_DOCUMENTATION_COMMENTS = YES;
				CLANG_WARN_EMPTY_BODY = YES;
				CLANG_WARN_ENUM_CONVERSION = YES;
				CLANG_WARN_INFINITE_RECURSION = YES;
				CLANG_WARN_INT_CONVERSION = YES;
				CLANG_WARN_NON_LITERAL_NULL_CONVERSION = YES;
				CLANG_WARN_OBJC_IMPLICIT_RETAIN_SELF = YES;
				CLANG_WARN_OBJC_LITERAL_CONVERSION = YES;
				CLANG_WARN_OBJC_ROOT_CLASS = YES_ERROR;
				CLANG_WARN_RANGE_LOOP_ANALYSIS = YES;
				CLANG_WARN_STRICT_PROTOTYPES = YES;
				CLANG_WARN_SUSPICIOUS_MOVE = YES;
				CLANG_WARN_UNGUARDED_AVAILABILITY = YES_AGGRESSIVE;
				CLANG_WARN_UNREACHABLE_CODE = YES;
				CLANG_WARN__DUPLICATE_METHOD_MATCH = YES;
				COPY_PHASE_STRIP = NO;
				DEBUG_INFORMATION_FORMAT = "dwarf-with-dsym";
				ENABLE_NS_ASSERTIONS = NO;
				ENABLE_STRICT_OBJC_MSGSEND = YES;
				GCC_C_LANGUAGE_STANDARD = gnu11;
				GCC_NO_COMMON_BLOCKS = YES;
				GCC_WARN_64_TO_32_BIT_CONVERSION = YES;
				GCC_WARN_ABOUT_RETURN_TYPE = YES_ERROR;
				GCC_WARN_UNDECLARED_SELECTOR = YES;
				GCC_WARN_UNINITIALIZED_AUTOS = YES_AGGRESSIVE;
				GCC_WARN_UNUSED_FUNCTION = YES;
				GCC_WARN_UNUSED_VARIABLE = YES;
				IPHONEOS_DEPLOYMENT_TARGET = 9.3;
				MTL_ENABLE_DEBUG_INFO = NO;
				MTL_FAST_MATH = YES;
				SDKROOT = iphoneos;
				SWIFT_COMPILATION_MODE = wholemodule;
				SWIFT_OPTIMIZATION_LEVEL = "-O";
				VALIDATE_PRODUCT = YES;
			};
			name = Release;
		};
		B89048A0238E889C0041F509 /* Debug */ = {
			isa = XCBuildConfiguration;
			baseConfigurationReference = 4BAF9A8BE399D31F42FF763C /* Pods-Cognitev-Task.debug.xcconfig */;
			buildSettings = {
				ASSETCATALOG_COMPILER_APPICON_NAME = AppIcon;
				CODE_SIGN_STYLE = Automatic;
				DEVELOPMENT_TEAM = 7V7UD4Q698;
				INFOPLIST_FILE = "Cognitev-Task/Info.plist";
				LD_RUNPATH_SEARCH_PATHS = (
					"$(inherited)",
					"@executable_path/Frameworks",
				);
				PRODUCT_BUNDLE_IDENTIFIER = "Ahmed-Ramy.Cognitev-Task";
				PRODUCT_NAME = "$(TARGET_NAME)";
				SWIFT_VERSION = 5.0;
				TARGETED_DEVICE_FAMILY = "1,2";
			};
			name = Debug;
		};
		B89048A1238E889C0041F509 /* Release */ = {
			isa = XCBuildConfiguration;
			baseConfigurationReference = 2CD37EA07AB893A411AC40B1 /* Pods-Cognitev-Task.release.xcconfig */;
			buildSettings = {
				ASSETCATALOG_COMPILER_APPICON_NAME = AppIcon;
				CODE_SIGN_STYLE = Automatic;
				DEVELOPMENT_TEAM = 7V7UD4Q698;
				INFOPLIST_FILE = "Cognitev-Task/Info.plist";
				LD_RUNPATH_SEARCH_PATHS = (
					"$(inherited)",
					"@executable_path/Frameworks",
				);
				PRODUCT_BUNDLE_IDENTIFIER = "Ahmed-Ramy.Cognitev-Task";
				PRODUCT_NAME = "$(TARGET_NAME)";
				SWIFT_VERSION = 5.0;
				TARGETED_DEVICE_FAMILY = "1,2";
			};
			name = Release;
		};
		B89048A3238E889C0041F509 /* Debug */ = {
			isa = XCBuildConfiguration;
			baseConfigurationReference = 22A879CE7336289CE91E9A9E /* Pods-Cognitev-TaskTests.debug.xcconfig */;
			buildSettings = {
				ALWAYS_EMBED_SWIFT_STANDARD_LIBRARIES = YES;
				BUNDLE_LOADER = "$(TEST_HOST)";
				CODE_SIGN_STYLE = Automatic;
				DEVELOPMENT_TEAM = 7V7UD4Q698;
				INFOPLIST_FILE = "Cognitev-TaskTests/Info.plist";
				IPHONEOS_DEPLOYMENT_TARGET = 13.1;
				LD_RUNPATH_SEARCH_PATHS = (
					"$(inherited)",
					"@executable_path/Frameworks",
					"@loader_path/Frameworks",
				);
				PRODUCT_BUNDLE_IDENTIFIER = "Ahmed-Ramy.Cognitev-TaskTests";
				PRODUCT_NAME = "$(TARGET_NAME)";
				SWIFT_VERSION = 5.0;
				TARGETED_DEVICE_FAMILY = "1,2";
				TEST_HOST = "$(BUILT_PRODUCTS_DIR)/Cognitev-Task.app/Cognitev-Task";
			};
			name = Debug;
		};
		B89048A4238E889C0041F509 /* Release */ = {
			isa = XCBuildConfiguration;
			baseConfigurationReference = 784DBA39C3F3E929E4C825C9 /* Pods-Cognitev-TaskTests.release.xcconfig */;
			buildSettings = {
				ALWAYS_EMBED_SWIFT_STANDARD_LIBRARIES = YES;
				BUNDLE_LOADER = "$(TEST_HOST)";
				CODE_SIGN_STYLE = Automatic;
				DEVELOPMENT_TEAM = 7V7UD4Q698;
				INFOPLIST_FILE = "Cognitev-TaskTests/Info.plist";
				IPHONEOS_DEPLOYMENT_TARGET = 13.1;
				LD_RUNPATH_SEARCH_PATHS = (
					"$(inherited)",
					"@executable_path/Frameworks",
					"@loader_path/Frameworks",
				);
				PRODUCT_BUNDLE_IDENTIFIER = "Ahmed-Ramy.Cognitev-TaskTests";
				PRODUCT_NAME = "$(TARGET_NAME)";
				SWIFT_VERSION = 5.0;
				TARGETED_DEVICE_FAMILY = "1,2";
				TEST_HOST = "$(BUILT_PRODUCTS_DIR)/Cognitev-Task.app/Cognitev-Task";
			};
			name = Release;
		};
		B89048A6238E889C0041F509 /* Debug */ = {
			isa = XCBuildConfiguration;
			baseConfigurationReference = D4D3857502C849167CF3EB92 /* Pods-Cognitev-TaskUITests.debug.xcconfig */;
			buildSettings = {
				ALWAYS_EMBED_SWIFT_STANDARD_LIBRARIES = YES;
				CODE_SIGN_STYLE = Automatic;
				DEVELOPMENT_TEAM = 7V7UD4Q698;
				INFOPLIST_FILE = "Cognitev-TaskUITests/Info.plist";
				LD_RUNPATH_SEARCH_PATHS = (
					"$(inherited)",
					"@executable_path/Frameworks",
					"@loader_path/Frameworks",
				);
				PRODUCT_BUNDLE_IDENTIFIER = "Ahmed-Ramy.Cognitev-TaskUITests";
				PRODUCT_NAME = "$(TARGET_NAME)";
				SWIFT_VERSION = 5.0;
				TARGETED_DEVICE_FAMILY = "1,2";
				TEST_TARGET_NAME = "Cognitev-Task";
			};
			name = Debug;
		};
		B89048A7238E889C0041F509 /* Release */ = {
			isa = XCBuildConfiguration;
			baseConfigurationReference = 28FF10DA589AFDAD13F5AE6C /* Pods-Cognitev-TaskUITests.release.xcconfig */;
			buildSettings = {
				ALWAYS_EMBED_SWIFT_STANDARD_LIBRARIES = YES;
				CODE_SIGN_STYLE = Automatic;
				DEVELOPMENT_TEAM = 7V7UD4Q698;
				INFOPLIST_FILE = "Cognitev-TaskUITests/Info.plist";
				LD_RUNPATH_SEARCH_PATHS = (
					"$(inherited)",
					"@executable_path/Frameworks",
					"@loader_path/Frameworks",
				);
				PRODUCT_BUNDLE_IDENTIFIER = "Ahmed-Ramy.Cognitev-TaskUITests";
				PRODUCT_NAME = "$(TARGET_NAME)";
				SWIFT_VERSION = 5.0;
				TARGETED_DEVICE_FAMILY = "1,2";
				TEST_TARGET_NAME = "Cognitev-Task";
			};
			name = Release;
		};
/* End XCBuildConfiguration section */

/* Begin XCConfigurationList section */
		B8904870238E889A0041F509 /* Build configuration list for PBXProject "Cognitev-Task" */ = {
			isa = XCConfigurationList;
			buildConfigurations = (
				B890489D238E889C0041F509 /* Debug */,
				B890489E238E889C0041F509 /* Release */,
			);
			defaultConfigurationIsVisible = 0;
			defaultConfigurationName = Release;
		};
		B890489F238E889C0041F509 /* Build configuration list for PBXNativeTarget "Cognitev-Task" */ = {
			isa = XCConfigurationList;
			buildConfigurations = (
				B89048A0238E889C0041F509 /* Debug */,
				B89048A1238E889C0041F509 /* Release */,
			);
			defaultConfigurationIsVisible = 0;
			defaultConfigurationName = Release;
		};
		B89048A2238E889C0041F509 /* Build configuration list for PBXNativeTarget "Cognitev-TaskTests" */ = {
			isa = XCConfigurationList;
			buildConfigurations = (
				B89048A3238E889C0041F509 /* Debug */,
				B89048A4238E889C0041F509 /* Release */,
			);
			defaultConfigurationIsVisible = 0;
			defaultConfigurationName = Release;
		};
		B89048A5238E889C0041F509 /* Build configuration list for PBXNativeTarget "Cognitev-TaskUITests" */ = {
			isa = XCConfigurationList;
			buildConfigurations = (
				B89048A6238E889C0041F509 /* Debug */,
				B89048A7238E889C0041F509 /* Release */,
			);
			defaultConfigurationIsVisible = 0;
			defaultConfigurationName = Release;
		};
/* End XCConfigurationList section */
	};
	rootObject = B890486D238E889A0041F509 /* Project object */;
}
